
Microsoft Visual Studio Solution File, Format Version 12.00
# Visual Studio Version 17
VisualStudioVersion = 17.3.32825.248
MinimumVisualStudioVersion = 10.0.40219.1
Project("{9A19103F-16F7-4668-BE54-9A1E7A4F7556}") = "SunnyRewards.Helios.User.Api", "src\API\SunnyRewards.Helios.User.Api.csproj", "{FE6C8C1B-710B-4671-A1D2-DAF7771E751E}"
EndProject
Project("{9A19103F-16F7-4668-BE54-9A1E7A4F7556}") = "SunnyRewards.Helios.User.Core", "src\Core\SunnyRewards.Helios.User.Core.csproj", "{B02B931A-A435-4BB7-8C01-481BF662DEC1}"
EndProject
Project("{9A19103F-16F7-4668-BE54-9A1E7A4F7556}") = "SunnyRewards.Helios.User.Infrastructure", "src\Infrastructure\SunnyRewards.Helios.User.Infrastructure.csproj", "{6DF74D06-0B88-4AC3-9227-B92423E5B489}"
EndProject
Project("{9A19103F-16F7-4668-BE54-9A1E7A4F7556}") = "SunnyRewards.Helios.User.UnitTest", "test\UnitTest\SunnyRewards.Helios.User.UnitTest.csproj", "{E870E359-1FE9-4F55-8652-903D04395D67}"
EndProject
Project("{FAE04EC0-301F-11D3-BF4B-00C04F79EFBC}") = "KeyGeneratorApp", "utilities\KeyGeneratorApp\KeyGeneratorApp.csproj", "{BE0197DC-C2BA-422D-A6AC-E4CFEC8AB989}"
EndProject
Global
	GlobalSection(SolutionConfigurationPlatforms) = preSolution
		Debug|Any CPU = Debug|Any CPU
		Release|Any CPU = Release|Any CPU
	EndGlobalSection
	GlobalSection(ProjectConfigurationPlatforms) = postSolution
		{FE6C8C1B-710B-4671-A1D2-DAF7771E751E}.Debug|Any CPU.ActiveCfg = Debug|Any CPU
		{FE6C8C1B-710B-4671-A1D2-DAF7771E751E}.Debug|Any CPU.Build.0 = Debug|Any CPU
		{FE6C8C1B-710B-4671-A1D2-DAF7771E751E}.Release|Any CPU.ActiveCfg = Release|Any CPU
		{FE6C8C1B-710B-4671-A1D2-DAF7771E751E}.Release|Any CPU.Build.0 = Release|Any CPU
		{B02B931A-A435-4BB7-8C01-481BF662DEC1}.Debug|Any CPU.ActiveCfg = Debug|Any CPU
		{B02B931A-A435-4BB7-8C01-481BF662DEC1}.Debug|Any CPU.Build.0 = Debug|Any CPU
		{B02B931A-A435-4BB7-8C01-481BF662DEC1}.Release|Any CPU.ActiveCfg = Release|Any CPU
		{B02B931A-A435-4BB7-8C01-481BF662DEC1}.Release|Any CPU.Build.0 = Release|Any CPU
		{6DF74D06-0B88-4AC3-9227-B92423E5B489}.Debug|Any CPU.ActiveCfg = Debug|Any CPU
		{6DF74D06-0B88-4AC3-9227-B92423E5B489}.Debug|Any CPU.Build.0 = Debug|Any CPU
		{6DF74D06-0B88-4AC3-9227-B92423E5B489}.Release|Any CPU.ActiveCfg = Release|Any CPU
		{6DF74D06-0B88-4AC3-9227-B92423E5B489}.Release|Any CPU.Build.0 = Release|Any CPU
		{E870E359-1FE9-4F55-8652-903D04395D67}.Debug|Any CPU.ActiveCfg = Debug|Any CPU
		{E870E359-1FE9-4F55-8652-903D04395D67}.Debug|Any CPU.Build.0 = Debug|Any CPU
		{E870E359-1FE9-4F55-8652-903D04395D67}.Release|Any CPU.ActiveCfg = Release|Any CPU
		{E870E359-1FE9-4F55-8652-903D04395D67}.Release|Any CPU.Build.0 = Release|Any CPU
		{BE0197DC-C2BA-422D-A6AC-E4CFEC8AB989}.Debug|Any CPU.ActiveCfg = Debug|Any CPU
		{BE0197DC-C2BA-422D-A6AC-E4CFEC8AB989}.Debug|Any CPU.Build.0 = Debug|Any CPU
		{BE0197DC-C2BA-422D-A6AC-E4CFEC8AB989}.Release|Any CPU.ActiveCfg = Release|Any CPU
		{BE0197DC-C2BA-422D-A6AC-E4CFEC8AB989}.Release|Any CPU.Build.0 = Release|Any CPU
	EndGlobalSection
	GlobalSection(SolutionProperties) = preSolution
		HideSolutionNode = FALSE
	EndGlobalSection
	GlobalSection(ExtensibilityGlobals) = postSolution
		SolutionGuid = {C137986A-A958-4B8C-9B49-AD3D5D834F5A}
	EndGlobalSection
EndGlobal
